
Microsoft Visual Studio Solution File, Format Version 12.00
# Visual Studio 2012
Project("{FAE04EC0-301F-11D3-BF4B-00C04F79EFBC}") = "iOSBinding", "iOSBinding.csproj", "{DE7ABFD3-59C1-4966-84CF-35064D54C98A}"
EndProject
Project("{FAE04EC0-301F-11D3-BF4B-00C04F79EFBC}") = "BlinkID", "BlinkID\BlinkID.csproj", "{CB444ECC-C242-409E-9219-EC5F735F1C05}"
EndProject
Global
	GlobalSection(SolutionConfigurationPlatforms) = preSolution
		Debug|Any CPU = Debug|Any CPU
		Release|Any CPU = Release|Any CPU
		Debug|iPhoneSimulator = Debug|iPhoneSimulator
		Release|iPhone = Release|iPhone
		Release|iPhoneSimulator = Release|iPhoneSimulator
		Debug|iPhone = Debug|iPhone
	EndGlobalSection
	GlobalSection(ProjectConfigurationPlatforms) = postSolution
		{DE7ABFD3-59C1-4966-84CF-35064D54C98A}.Debug|Any CPU.ActiveCfg = Debug|Any CPU
		{DE7ABFD3-59C1-4966-84CF-35064D54C98A}.Debug|Any CPU.Build.0 = Debug|Any CPU
		{DE7ABFD3-59C1-4966-84CF-35064D54C98A}.Release|Any CPU.ActiveCfg = Release|Any CPU
		{DE7ABFD3-59C1-4966-84CF-35064D54C98A}.Release|Any CPU.Build.0 = Release|Any CPU
		{DE7ABFD3-59C1-4966-84CF-35064D54C98A}.Debug|iPhoneSimulator.ActiveCfg = Debug|Any CPU
		{DE7ABFD3-59C1-4966-84CF-35064D54C98A}.Debug|iPhoneSimulator.Build.0 = Debug|Any CPU
		{DE7ABFD3-59C1-4966-84CF-35064D54C98A}.Release|iPhone.ActiveCfg = Release|Any CPU
		{DE7ABFD3-59C1-4966-84CF-35064D54C98A}.Release|iPhone.Build.0 = Release|Any CPU
		{DE7ABFD3-59C1-4966-84CF-35064D54C98A}.Release|iPhoneSimulator.ActiveCfg = Release|Any CPU
		{DE7ABFD3-59C1-4966-84CF-35064D54C98A}.Release|iPhoneSimulator.Build.0 = Release|Any CPU
		{DE7ABFD3-59C1-4966-84CF-35064D54C98A}.Debug|iPhone.ActiveCfg = Debug|Any CPU
		{DE7ABFD3-59C1-4966-84CF-35064D54C98A}.Debug|iPhone.Build.0 = Debug|Any CPU
		{CB444ECC-C242-409E-9219-EC5F735F1C05}.Debug|Any CPU.ActiveCfg = Debug|iPhoneSimulator
		{CB444ECC-C242-409E-9219-EC5F735F1C05}.Debug|Any CPU.Build.0 = Debug|iPhoneSimulator
		{CB444ECC-C242-409E-9219-EC5F735F1C05}.Release|Any CPU.ActiveCfg = Release|iPhone
		{CB444ECC-C242-409E-9219-EC5F735F1C05}.Release|Any CPU.Build.0 = Release|iPhone
		{CB444ECC-C242-409E-9219-EC5F735F1C05}.Debug|iPhoneSimulator.ActiveCfg = Debug|iPhoneSimulator
		{CB444ECC-C242-409E-9219-EC5F735F1C05}.Debug|iPhoneSimulator.Build.0 = Debug|iPhoneSimulator
		{CB444ECC-C242-409E-9219-EC5F735F1C05}.Release|iPhone.ActiveCfg = Release|iPhone
		{CB444ECC-C242-409E-9219-EC5F735F1C05}.Release|iPhone.Build.0 = Release|iPhone
		{CB444ECC-C242-409E-9219-EC5F735F1C05}.Release|iPhoneSimulator.ActiveCfg = Release|iPhoneSimulator
		{CB444ECC-C242-409E-9219-EC5F735F1C05}.Release|iPhoneSimulator.Build.0 = Release|iPhoneSimulator
		{CB444ECC-C242-409E-9219-EC5F735F1C05}.Debug|iPhone.ActiveCfg = Debug|iPhone
		{CB444ECC-C242-409E-9219-EC5F735F1C05}.Debug|iPhone.Build.0 = Debug|iPhone
	EndGlobalSection
EndGlobal
