// !$*UTF8*$!
{
	archiveVersion = 1;
	classes = {
	};
	objectVersion = 46;
	objects = {

/* Begin PBXBuildFile section */
		182752BF1C7DD7640068C80C /* main.m in Sources */ = {isa = PBXBuildFile; fileRef = 182752BE1C7DD7640068C80C /* main.m */; };
		182752C21C7DD7640068C80C /* AppDelegate.m in Sources */ = {isa = PBXBuildFile; fileRef = 182752C11C7DD7640068C80C /* AppDelegate.m */; };
		182752C51C7DD7640068C80C /* ViewController.m in Sources */ = {isa = PBXBuildFile; fileRef = 182752C41C7DD7640068C80C /* ViewController.m */; };
		182752C81C7DD7640068C80C /* Main.storyboard in Resources */ = {isa = PBXBuildFile; fileRef = 182752C61C7DD7640068C80C /* Main.storyboard */; };
		182752CA1C7DD7640068C80C /* Assets.xcassets in Resources */ = {isa = PBXBuildFile; fileRef = 182752C91C7DD7640068C80C /* Assets.xcassets */; };
		182752CD1C7DD7640068C80C /* LaunchScreen.storyboard in Resources */ = {isa = PBXBuildFile; fileRef = 182752CB1C7DD7640068C80C /* LaunchScreen.storyboard */; };
		182752E11C7DE1380068C80C /* BlinkID.framework in Frameworks */ = {isa = PBXBuildFile; fileRef = 182752DE1C7DD7920068C80C /* BlinkID.framework */; };
		182752E31C7DE3D50068C80C /* libc++.tbd in Frameworks */ = {isa = PBXBuildFile; fileRef = 182752E21C7DE3D50068C80C /* libc++.tbd */; };
		182752E51C7DE3DF0068C80C /* AVFoundation.framework in Frameworks */ = {isa = PBXBuildFile; fileRef = 182752E41C7DE3DF0068C80C /* AVFoundation.framework */; };
		182752E71C7DE3E20068C80C /* libiconv.tbd in Frameworks */ = {isa = PBXBuildFile; fileRef = 182752E61C7DE3E20068C80C /* libiconv.tbd */; };
		182752E91C7DE3EA0068C80C /* Accelerate.framework in Frameworks */ = {isa = PBXBuildFile; fileRef = 182752E81C7DE3EA0068C80C /* Accelerate.framework */; };
		182752EB1C7DE3F20068C80C /* AudioToolbox.framework in Frameworks */ = {isa = PBXBuildFile; fileRef = 182752EA1C7DE3F20068C80C /* AudioToolbox.framework */; };
		182752ED1C7DE3F70068C80C /* CoreMedia.framework in Frameworks */ = {isa = PBXBuildFile; fileRef = 182752EC1C7DE3F70068C80C /* CoreMedia.framework */; };
		182752F21C7DE54F0068C80C /* MicroBlink.bundle in Resources */ = {isa = PBXBuildFile; fileRef = 182752F11C7DE54F0068C80C /* MicroBlink.bundle */; };
/* End PBXBuildFile section */

/* Begin PBXContainerItemProxy section */
		182752DD1C7DD7920068C80C /* PBXContainerItemProxy */ = {
			isa = PBXContainerItemProxy;
			containerPortal = 182752D91C7DD7920068C80C /* BlinkID.xcodeproj */;
			proxyType = 2;
			remoteGlobalIDString = 1827528C1C7DD1830068C80C;
			remoteInfo = BlinkID;
		};
		182752DF1C7DD79D0068C80C /* PBXContainerItemProxy */ = {
			isa = PBXContainerItemProxy;
			containerPortal = 182752D91C7DD7920068C80C /* BlinkID.xcodeproj */;
			proxyType = 1;
			remoteGlobalIDString = 1827528B1C7DD1830068C80C;
			remoteInfo = BlinkID;
		};
/* End PBXContainerItemProxy section */

/* Begin PBXFileReference section */
		182752BA1C7DD7640068C80C /* BlinkID-sample.app */ = {isa = PBXFileReference; explicitFileType = wrapper.application; includeInIndex = 0; path = "BlinkID-sample.app"; sourceTree = BUILT_PRODUCTS_DIR; };
		182752BE1C7DD7640068C80C /* main.m */ = {isa = PBXFileReference; lastKnownFileType = sourcecode.c.objc; path = main.m; sourceTree = "<group>"; };
		182752C01C7DD7640068C80C /* AppDelegate.h */ = {isa = PBXFileReference; lastKnownFileType = sourcecode.c.h; path = AppDelegate.h; sourceTree = "<group>"; };
		182752C11C7DD7640068C80C /* AppDelegate.m */ = {isa = PBXFileReference; lastKnownFileType = sourcecode.c.objc; path = AppDelegate.m; sourceTree = "<group>"; };
		182752C31C7DD7640068C80C /* ViewController.h */ = {isa = PBXFileReference; lastKnownFileType = sourcecode.c.h; path = ViewController.h; sourceTree = "<group>"; };
		182752C41C7DD7640068C80C /* ViewController.m */ = {isa = PBXFileReference; lastKnownFileType = sourcecode.c.objc; path = ViewController.m; sourceTree = "<group>"; };
		182752C71C7DD7640068C80C /* Base */ = {isa = PBXFileReference; lastKnownFileType = file.storyboard; name = Base; path = Base.lproj/Main.storyboard; sourceTree = "<group>"; };
		182752C91C7DD7640068C80C /* Assets.xcassets */ = {isa = PBXFileReference; lastKnownFileType = folder.assetcatalog; path = Assets.xcassets; sourceTree = "<group>"; };
		182752CC1C7DD7640068C80C /* Base */ = {isa = PBXFileReference; lastKnownFileType = file.storyboard; name = Base; path = Base.lproj/LaunchScreen.storyboard; sourceTree = "<group>"; };
		182752CE1C7DD7640068C80C /* Info.plist */ = {isa = PBXFileReference; lastKnownFileType = text.plist.xml; path = Info.plist; sourceTree = "<group>"; };
		182752D91C7DD7920068C80C /* BlinkID.xcodeproj */ = {isa = PBXFileReference; lastKnownFileType = "wrapper.pb-project"; name = BlinkID.xcodeproj; path = ../BlinkID/BlinkID.xcodeproj; sourceTree = "<group>"; };
		182752E21C7DE3D50068C80C /* libc++.tbd */ = {isa = PBXFileReference; lastKnownFileType = "sourcecode.text-based-dylib-definition"; name = "libc++.tbd"; path = "usr/lib/libc++.tbd"; sourceTree = SDKROOT; };
		182752E41C7DE3DF0068C80C /* AVFoundation.framework */ = {isa = PBXFileReference; lastKnownFileType = wrapper.framework; name = AVFoundation.framework; path = System/Library/Frameworks/AVFoundation.framework; sourceTree = SDKROOT; };
		182752E61C7DE3E20068C80C /* libiconv.tbd */ = {isa = PBXFileReference; lastKnownFileType = "sourcecode.text-based-dylib-definition"; name = libiconv.tbd; path = usr/lib/libiconv.tbd; sourceTree = SDKROOT; };
		182752E81C7DE3EA0068C80C /* Accelerate.framework */ = {isa = PBXFileReference; lastKnownFileType = wrapper.framework; name = Accelerate.framework; path = System/Library/Frameworks/Accelerate.framework; sourceTree = SDKROOT; };
		182752EA1C7DE3F20068C80C /* AudioToolbox.framework */ = {isa = PBXFileReference; lastKnownFileType = wrapper.framework; name = AudioToolbox.framework; path = System/Library/Frameworks/AudioToolbox.framework; sourceTree = SDKROOT; };
		182752EC1C7DE3F70068C80C /* CoreMedia.framework */ = {isa = PBXFileReference; lastKnownFileType = wrapper.framework; name = CoreMedia.framework; path = System/Library/Frameworks/CoreMedia.framework; sourceTree = SDKROOT; };
		182752F11C7DE54F0068C80C /* MicroBlink.bundle */ = {isa = PBXFileReference; lastKnownFileType = "wrapper.plug-in"; name = MicroBlink.bundle; path = "../blinkid-ios/MicroBlink.bundle"; sourceTree = "<group>"; };
/* End PBXFileReference section */

/* Begin PBXFrameworksBuildPhase section */
		182752B71C7DD7640068C80C /* Frameworks */ = {
			isa = PBXFrameworksBuildPhase;
			buildActionMask = 2147483647;
			files = (
				182752E11C7DE1380068C80C /* BlinkID.framework in Frameworks */,
				182752ED1C7DE3F70068C80C /* CoreMedia.framework in Frameworks */,
				182752EB1C7DE3F20068C80C /* AudioToolbox.framework in Frameworks */,
				182752E91C7DE3EA0068C80C /* Accelerate.framework in Frameworks */,
				182752E51C7DE3DF0068C80C /* AVFoundation.framework in Frameworks */,
				182752E71C7DE3E20068C80C /* libiconv.tbd in Frameworks */,
				182752E31C7DE3D50068C80C /* libc++.tbd in Frameworks */,
			);
			runOnlyForDeploymentPostprocessing = 0;
		};
/* End PBXFrameworksBuildPhase section */

/* Begin PBXGroup section */
		182752B11C7DD7640068C80C = {
			isa = PBXGroup;
			children = (
				182752BC1C7DD7640068C80C /* BlinkID-sample */,
				182752D41C7DD76F0068C80C /* Frameworks */,
				182752BB1C7DD7640068C80C /* Products */,
			);
			sourceTree = "<group>";
		};
		182752BB1C7DD7640068C80C /* Products */ = {
			isa = PBXGroup;
			children = (
				182752BA1C7DD7640068C80C /* BlinkID-sample.app */,
			);
			name = Products;
			sourceTree = "<group>";
		};
		182752BC1C7DD7640068C80C /* BlinkID-sample */ = {
			isa = PBXGroup;
			children = (
				182752C01C7DD7640068C80C /* AppDelegate.h */,
				182752C11C7DD7640068C80C /* AppDelegate.m */,
				182752C31C7DD7640068C80C /* ViewController.h */,
				182752C41C7DD7640068C80C /* ViewController.m */,
				182752C61C7DD7640068C80C /* Main.storyboard */,
				182752C91C7DD7640068C80C /* Assets.xcassets */,
				182752CB1C7DD7640068C80C /* LaunchScreen.storyboard */,
				182752CE1C7DD7640068C80C /* Info.plist */,
				182752BD1C7DD7640068C80C /* Supporting Files */,
			);
			path = "BlinkID-sample";
			sourceTree = "<group>";
		};
		182752BD1C7DD7640068C80C /* Supporting Files */ = {
			isa = PBXGroup;
			children = (
				182752BE1C7DD7640068C80C /* main.m */,
			);
			name = "Supporting Files";
			sourceTree = "<group>";
		};
		182752D41C7DD76F0068C80C /* Frameworks */ = {
			isa = PBXGroup;
			children = (
				182752D91C7DD7920068C80C /* BlinkID.xcodeproj */,
				182752F11C7DE54F0068C80C /* MicroBlink.bundle */,
				182752E41C7DE3DF0068C80C /* AVFoundation.framework */,
				182752EA1C7DE3F20068C80C /* AudioToolbox.framework */,
				182752E81C7DE3EA0068C80C /* Accelerate.framework */,
				182752EC1C7DE3F70068C80C /* CoreMedia.framework */,
				182752E61C7DE3E20068C80C /* libiconv.tbd */,
				182752E21C7DE3D50068C80C /* libc++.tbd */,
			);
			name = Frameworks;
			sourceTree = "<group>";
		};
		182752DA1C7DD7920068C80C /* Products */ = {
			isa = PBXGroup;
			children = (
				182752DE1C7DD7920068C80C /* BlinkID.framework */,
			);
			name = Products;
			sourceTree = "<group>";
		};
/* End PBXGroup section */

/* Begin PBXNativeTarget section */
		182752B91C7DD7640068C80C /* BlinkID-sample */ = {
			isa = PBXNativeTarget;
			buildConfigurationList = 182752D11C7DD7640068C80C /* Build configuration list for PBXNativeTarget "BlinkID-sample" */;
			buildPhases = (
				182752B61C7DD7640068C80C /* Sources */,
				182752B71C7DD7640068C80C /* Frameworks */,
				182752B81C7DD7640068C80C /* Resources */,
			);
			buildRules = (
			);
			dependencies = (
				182752E01C7DD79D0068C80C /* PBXTargetDependency */,
			);
			name = "BlinkID-sample";
			productName = "BlinkID-sample";
			productReference = 182752BA1C7DD7640068C80C /* BlinkID-sample.app */;
			productType = "com.apple.product-type.application";
		};
/* End PBXNativeTarget section */

/* Begin PBXProject section */
		182752B21C7DD7640068C80C /* Project object */ = {
			isa = PBXProject;
			attributes = {
				LastUpgradeCheck = 0720;
				ORGANIZATIONNAME = MicroBlink;
				TargetAttributes = {
					182752B91C7DD7640068C80C = {
						CreatedOnToolsVersion = 7.2.1;
						DevelopmentTeam = CQTJWP89J7;
					};
				};
			};
			buildConfigurationList = 182752B51C7DD7640068C80C /* Build configuration list for PBXProject "BlinkID-sample" */;
			compatibilityVersion = "Xcode 3.2";
			developmentRegion = English;
			hasScannedForEncodings = 0;
			knownRegions = (
				en,
				Base,
			);
			mainGroup = 182752B11C7DD7640068C80C;
			productRefGroup = 182752BB1C7DD7640068C80C /* Products */;
			projectDirPath = "";
			projectReferences = (
				{
					ProductGroup = 182752DA1C7DD7920068C80C /* Products */;
					ProjectRef = 182752D91C7DD7920068C80C /* BlinkID.xcodeproj */;
				},
			);
			projectRoot = "";
			targets = (
				182752B91C7DD7640068C80C /* BlinkID-sample */,
			);
		};
/* End PBXProject section */

/* Begin PBXReferenceProxy section */
		182752DE1C7DD7920068C80C /* BlinkID.framework */ = {
			isa = PBXReferenceProxy;
			fileType = wrapper.framework;
			path = BlinkID.framework;
			remoteRef = 182752DD1C7DD7920068C80C /* PBXContainerItemProxy */;
			sourceTree = BUILT_PRODUCTS_DIR;
		};
/* End PBXReferenceProxy section */

/* Begin PBXResourcesBuildPhase section */
		182752B81C7DD7640068C80C /* Resources */ = {
			isa = PBXResourcesBuildPhase;
			buildActionMask = 2147483647;
			files = (
				182752CD1C7DD7640068C80C /* LaunchScreen.storyboard in Resources */,
				182752CA1C7DD7640068C80C /* Assets.xcassets in Resources */,
				182752C81C7DD7640068C80C /* Main.storyboard in Resources */,
				182752F21C7DE54F0068C80C /* MicroBlink.bundle in Resources */,
			);
			runOnlyForDeploymentPostprocessing = 0;
		};
/* End PBXResourcesBuildPhase section */

/* Begin PBXSourcesBuildPhase section */
		182752B61C7DD7640068C80C /* Sources */ = {
			isa = PBXSourcesBuildPhase;
			buildActionMask = 2147483647;
			files = (
				182752C51C7DD7640068C80C /* ViewController.m in Sources */,
				182752C21C7DD7640068C80C /* AppDelegate.m in Sources */,
				182752BF1C7DD7640068C80C /* main.m in Sources */,
			);
			runOnlyForDeploymentPostprocessing = 0;
		};
/* End PBXSourcesBuildPhase section */

/* Begin PBXTargetDependency section */
		182752E01C7DD79D0068C80C /* PBXTargetDependency */ = {
			isa = PBXTargetDependency;
			name = BlinkID;
			targetProxy = 182752DF1C7DD79D0068C80C /* PBXContainerItemProxy */;
		};
/* End PBXTargetDependency section */

/* Begin PBXVariantGroup section */
		182752C61C7DD7640068C80C /* Main.storyboard */ = {
			isa = PBXVariantGroup;
			children = (
				182752C71C7DD7640068C80C /* Base */,
			);
			name = Main.storyboard;
			sourceTree = "<group>";
		};
		182752CB1C7DD7640068C80C /* LaunchScreen.storyboard */ = {
			isa = PBXVariantGroup;
			children = (
				182752CC1C7DD7640068C80C /* Base */,
			);
			name = LaunchScreen.storyboard;
			sourceTree = "<group>";
		};
/* End PBXVariantGroup section */

/* Begin XCBuildConfiguration section */
		182752CF1C7DD7640068C80C /* Debug */ = {
			isa = XCBuildConfiguration;
			buildSettings = {
				ALWAYS_SEARCH_USER_PATHS = NO;
				CLANG_CXX_LANGUAGE_STANDARD = "gnu++0x";
				CLANG_CXX_LIBRARY = "libc++";
				CLANG_ENABLE_MODULES = YES;
				CLANG_ENABLE_OBJC_ARC = YES;
				CLANG_WARN_BOOL_CONVERSION = YES;
				CLANG_WARN_CONSTANT_CONVERSION = YES;
				CLANG_WARN_DIRECT_OBJC_ISA_USAGE = YES_ERROR;
				CLANG_WARN_EMPTY_BODY = YES;
				CLANG_WARN_ENUM_CONVERSION = YES;
				CLANG_WARN_INT_CONVERSION = YES;
				CLANG_WARN_OBJC_ROOT_CLASS = YES_ERROR;
				CLANG_WARN_UNREACHABLE_CODE = YES;
				CLANG_WARN__DUPLICATE_METHOD_MATCH = YES;
				"CODE_SIGN_IDENTITY[sdk=iphoneos*]" = "iPhone Developer";
				COPY_PHASE_STRIP = NO;
				DEBUG_INFORMATION_FORMAT = dwarf;
				ENABLE_STRICT_OBJC_MSGSEND = YES;
				ENABLE_TESTABILITY = YES;
				GCC_C_LANGUAGE_STANDARD = gnu99;
				GCC_DYNAMIC_NO_PIC = NO;
				GCC_NO_COMMON_BLOCKS = YES;
				GCC_OPTIMIZATION_LEVEL = 0;
				GCC_PREPROCESSOR_DEFINITIONS = (
					"DEBUG=1",
					"$(inherited)",
				);
				GCC_WARN_64_TO_32_BIT_CONVERSION = YES;
				GCC_WARN_ABOUT_RETURN_TYPE = YES_ERROR;
				GCC_WARN_UNDECLARED_SELECTOR = YES;
				GCC_WARN_UNINITIALIZED_AUTOS = YES_AGGRESSIVE;
				GCC_WARN_UNUSED_FUNCTION = YES;
				GCC_WARN_UNUSED_VARIABLE = YES;
				IPHONEOS_DEPLOYMENT_TARGET = 9.2;
				MTL_ENABLE_DEBUG_INFO = YES;
				ONLY_ACTIVE_ARCH = YES;
				SDKROOT = iphoneos;
				TARGETED_DEVICE_FAMILY = "1,2";
			};
			name = Debug;
		};
		182752D01C7DD7640068C80C /* Release */ = {
			isa = XCBuildConfiguration;
			buildSettings = {
				ALWAYS_SEARCH_USER_PATHS = NO;
				CLANG_CXX_LANGUAGE_STANDARD = "gnu++0x";
				CLANG_CXX_LIBRARY = "libc++";
				CLANG_ENABLE_MODULES = YES;
				CLANG_ENABLE_OBJC_ARC = YES;
				CLANG_WARN_BOOL_CONVERSION = YES;
				CLANG_WARN_CONSTANT_CONVERSION = YES;
				CLANG_WARN_DIRECT_OBJC_ISA_USAGE = YES_ERROR;
				CLANG_WARN_EMPTY_BODY = YES;
				CLANG_WARN_ENUM_CONVERSION = YES;
				CLANG_WARN_INT_CONVERSION = YES;
				CLANG_WARN_OBJC_ROOT_CLASS = YES_ERROR;
				CLANG_WARN_UNREACHABLE_CODE = YES;
				CLANG_WARN__DUPLICATE_METHOD_MATCH = YES;
				"CODE_SIGN_IDENTITY[sdk=iphoneos*]" = "iPhone Developer";
				COPY_PHASE_STRIP = NO;
				DEBUG_INFORMATION_FORMAT = "dwarf-with-dsym";
				ENABLE_NS_ASSERTIONS = NO;
				ENABLE_STRICT_OBJC_MSGSEND = YES;
				GCC_C_LANGUAGE_STANDARD = gnu99;
				GCC_NO_COMMON_BLOCKS = YES;
				GCC_WARN_64_TO_32_BIT_CONVERSION = YES;
				GCC_WARN_ABOUT_RETURN_TYPE = YES_ERROR;
				GCC_WARN_UNDECLARED_SELECTOR = YES;
				GCC_WARN_UNINITIALIZED_AUTOS = YES_AGGRESSIVE;
				GCC_WARN_UNUSED_FUNCTION = YES;
				GCC_WARN_UNUSED_VARIABLE = YES;
				IPHONEOS_DEPLOYMENT_TARGET = 9.2;
				MTL_ENABLE_DEBUG_INFO = NO;
				SDKROOT = iphoneos;
				TARGETED_DEVICE_FAMILY = "1,2";
				VALIDATE_PRODUCT = YES;
			};
			name = Release;
		};
		182752D21C7DD7640068C80C /* Debug */ = {
			isa = XCBuildConfiguration;
			buildSettings = {
				ASSETCATALOG_COMPILER_APPICON_NAME = AppIcon;
				DEVELOPMENT_TEAM = CQTJWP89J7;
				FRAMEWORK_SEARCH_PATHS = "../blinkid-ios";
				INFOPLIST_FILE = "BlinkID-sample/Info.plist";
				LD_RUNPATH_SEARCH_PATHS = "$(inherited) @executable_path/Frameworks";
				PRODUCT_BUNDLE_IDENTIFIER = "com.microblink.xamarin.ios.BlinkID-sample";
				PRODUCT_NAME = "$(TARGET_NAME)";
			};
			name = Debug;
		};
		182752D31C7DD7640068C80C /* Release */ = {
			isa = XCBuildConfiguration;
			buildSettings = {
				ASSETCATALOG_COMPILER_APPICON_NAME = AppIcon;
				DEVELOPMENT_TEAM = CQTJWP89J7;
				FRAMEWORK_SEARCH_PATHS = "../blinkid-ios";
				INFOPLIST_FILE = "BlinkID-sample/Info.plist";
				LD_RUNPATH_SEARCH_PATHS = "$(inherited) @executable_path/Frameworks";
				PRODUCT_BUNDLE_IDENTIFIER = "com.microblink.xamarin.ios.BlinkID-sample";
				PRODUCT_NAME = "$(TARGET_NAME)";
			};
			name = Release;
		};
/* End XCBuildConfiguration section */

/* Begin XCConfigurationList section */
		182752B51C7DD7640068C80C /* Build configuration list for PBXProject "BlinkID-sample" */ = {
			isa = XCConfigurationList;
			buildConfigurations = (
				182752CF1C7DD7640068C80C /* Debug */,
				182752D01C7DD7640068C80C /* Release */,
			);
			defaultConfigurationIsVisible = 0;
			defaultConfigurationName = Release;
		};
		182752D11C7DD7640068C80C /* Build configuration list for PBXNativeTarget "BlinkID-sample" */ = {
			isa = XCConfigurationList;
			buildConfigurations = (
				182752D21C7DD7640068C80C /* Debug */,
				182752D31C7DD7640068C80C /* Release */,
			);
			defaultConfigurationIsVisible = 0;
			defaultConfigurationName = Release;
		};
/* End XCConfigurationList section */
	};
	rootObject = 182752B21C7DD7640068C80C /* Project object */;
}
