
Microsoft Visual Studio Solution File, Format Version 12.00
# Visual Studio 15
Project("{FAE04EC0-301F-11D3-BF4B-00C04F79EFBC}") = "BlinkIDSample", "BlinkIDSample.csproj", "{0724D23D-2AB8-42E9-AFA9-337D00C4ECA0}"
EndProject
Global
	GlobalSection(SolutionConfigurationPlatforms) = preSolution
		Debug|iPhoneSimulator = Debug|iPhoneSimulator
		Release|iPhone = Release|iPhone
		Release|iPhoneSimulator = Release|iPhoneSimulator
		Debug|iPhone = Debug|iPhone
	EndGlobalSection
	GlobalSection(ProjectConfigurationPlatforms) = postSolution
		{0724D23D-2AB8-42E9-AFA9-337D00C4ECA0}.Debug|iPhoneSimulator.ActiveCfg = Debug|iPhoneSimulator
		{0724D23D-2AB8-42E9-AFA9-337D00C4ECA0}.Debug|iPhoneSimulator.Build.0 = Debug|iPhoneSimulator
		{0724D23D-2AB8-42E9-AFA9-337D00C4ECA0}.Release|iPhone.ActiveCfg = Release|iPhone
		{0724D23D-2AB8-42E9-AFA9-337D00C4ECA0}.Release|iPhone.Build.0 = Release|iPhone
		{0724D23D-2AB8-42E9-AFA9-337D00C4ECA0}.Release|iPhoneSimulator.ActiveCfg = Release|iPhoneSimulator
		{0724D23D-2AB8-42E9-AFA9-337D00C4ECA0}.Release|iPhoneSimulator.Build.0 = Release|iPhoneSimulator
		{0724D23D-2AB8-42E9-AFA9-337D00C4ECA0}.Debug|iPhone.ActiveCfg = Debug|iPhone
		{0724D23D-2AB8-42E9-AFA9-337D00C4ECA0}.Debug|iPhone.Build.0 = Debug|iPhone
	EndGlobalSection
EndGlobal
