
Microsoft Visual Studio Solution File, Format Version 12.00
# Visual Studio 2012
Project("{FAE04EC0-301F-11D3-BF4B-00C04F79EFBC}") = "iOS", "iOS\iOS.csproj", "{38063A08-FD72-4DEA-BAAB-95EED7B8D69E}"
EndProject
Project("{FAE04EC0-301F-11D3-BF4B-00C04F79EFBC}") = "Droid", "Droid\Droid.csproj", "{5EE2B66A-8251-499D-B0B7-76A670C68DFD}"
EndProject
Project("{FAE04EC0-301F-11D3-BF4B-00C04F79EFBC}") = "Core", "Core\Core.csproj", "{45EA429A-99C6-4BE2-B0DD-BF31EAB4737B}"
EndProject
Project("{FAE04EC0-301F-11D3-BF4B-00C04F79EFBC}") = "BlinkIDiOSBinding", "..\..\Binding\iOS\BlinkIDiOSBinding.csproj", "{20BFD052-E54F-4504-A860-E6A18C8A15D8}"
EndProject
Project("{FAE04EC0-301F-11D3-BF4B-00C04F79EFBC}") = "BlinkIDAndroidBinding", "..\..\Binding\Android\BlinkIDAndroidBinding.csproj", "{957EF3DE-6B8E-402F-81F8-98B969173E81}"
EndProject
Global
	GlobalSection(SolutionConfigurationPlatforms) = preSolution
		Debug|Any CPU = Debug|Any CPU
		Release|Any CPU = Release|Any CPU
		Debug|iPhoneSimulator = Debug|iPhoneSimulator
		Release|iPhone = Release|iPhone
		Release|iPhoneSimulator = Release|iPhoneSimulator
		Debug|iPhone = Debug|iPhone
	EndGlobalSection
	GlobalSection(ProjectConfigurationPlatforms) = postSolution
		{20BFD052-E54F-4504-A860-E6A18C8A15D8}.Debug|Any CPU.ActiveCfg = Debug|Any CPU
		{20BFD052-E54F-4504-A860-E6A18C8A15D8}.Debug|Any CPU.Build.0 = Debug|Any CPU
		{20BFD052-E54F-4504-A860-E6A18C8A15D8}.Debug|iPhone.ActiveCfg = Debug|Any CPU
		{20BFD052-E54F-4504-A860-E6A18C8A15D8}.Debug|iPhone.Build.0 = Debug|Any CPU
		{20BFD052-E54F-4504-A860-E6A18C8A15D8}.Debug|iPhoneSimulator.ActiveCfg = Debug|Any CPU
		{20BFD052-E54F-4504-A860-E6A18C8A15D8}.Debug|iPhoneSimulator.Build.0 = Debug|Any CPU
		{20BFD052-E54F-4504-A860-E6A18C8A15D8}.Release|Any CPU.ActiveCfg = Release|Any CPU
		{20BFD052-E54F-4504-A860-E6A18C8A15D8}.Release|Any CPU.Build.0 = Release|Any CPU
		{20BFD052-E54F-4504-A860-E6A18C8A15D8}.Release|iPhone.ActiveCfg = Release|Any CPU
		{20BFD052-E54F-4504-A860-E6A18C8A15D8}.Release|iPhone.Build.0 = Release|Any CPU
		{20BFD052-E54F-4504-A860-E6A18C8A15D8}.Release|iPhoneSimulator.ActiveCfg = Release|Any CPU
		{20BFD052-E54F-4504-A860-E6A18C8A15D8}.Release|iPhoneSimulator.Build.0 = Release|Any CPU
		{38063A08-FD72-4DEA-BAAB-95EED7B8D69E}.Debug|Any CPU.ActiveCfg = Debug|iPhoneSimulator
		{38063A08-FD72-4DEA-BAAB-95EED7B8D69E}.Debug|Any CPU.Build.0 = Debug|iPhoneSimulator
		{38063A08-FD72-4DEA-BAAB-95EED7B8D69E}.Debug|iPhone.ActiveCfg = Debug|iPhone
		{38063A08-FD72-4DEA-BAAB-95EED7B8D69E}.Debug|iPhone.Build.0 = Debug|iPhone
		{38063A08-FD72-4DEA-BAAB-95EED7B8D69E}.Debug|iPhoneSimulator.ActiveCfg = Debug|iPhoneSimulator
		{38063A08-FD72-4DEA-BAAB-95EED7B8D69E}.Debug|iPhoneSimulator.Build.0 = Debug|iPhoneSimulator
		{38063A08-FD72-4DEA-BAAB-95EED7B8D69E}.Release|Any CPU.ActiveCfg = Release|iPhone
		{38063A08-FD72-4DEA-BAAB-95EED7B8D69E}.Release|Any CPU.Build.0 = Release|iPhone
		{38063A08-FD72-4DEA-BAAB-95EED7B8D69E}.Release|iPhone.ActiveCfg = Release|iPhone
		{38063A08-FD72-4DEA-BAAB-95EED7B8D69E}.Release|iPhone.Build.0 = Release|iPhone
		{38063A08-FD72-4DEA-BAAB-95EED7B8D69E}.Release|iPhoneSimulator.ActiveCfg = Release|iPhoneSimulator
		{38063A08-FD72-4DEA-BAAB-95EED7B8D69E}.Release|iPhoneSimulator.Build.0 = Release|iPhoneSimulator
		{45EA429A-99C6-4BE2-B0DD-BF31EAB4737B}.Debug|Any CPU.ActiveCfg = Debug|Any CPU
		{45EA429A-99C6-4BE2-B0DD-BF31EAB4737B}.Debug|Any CPU.Build.0 = Debug|Any CPU
		{45EA429A-99C6-4BE2-B0DD-BF31EAB4737B}.Debug|iPhone.ActiveCfg = Debug|Any CPU
		{45EA429A-99C6-4BE2-B0DD-BF31EAB4737B}.Debug|iPhone.Build.0 = Debug|Any CPU
		{45EA429A-99C6-4BE2-B0DD-BF31EAB4737B}.Debug|iPhoneSimulator.ActiveCfg = Debug|Any CPU
		{45EA429A-99C6-4BE2-B0DD-BF31EAB4737B}.Debug|iPhoneSimulator.Build.0 = Debug|Any CPU
		{45EA429A-99C6-4BE2-B0DD-BF31EAB4737B}.Release|Any CPU.ActiveCfg = Release|Any CPU
		{45EA429A-99C6-4BE2-B0DD-BF31EAB4737B}.Release|Any CPU.Build.0 = Release|Any CPU
		{45EA429A-99C6-4BE2-B0DD-BF31EAB4737B}.Release|iPhone.ActiveCfg = Release|Any CPU
		{45EA429A-99C6-4BE2-B0DD-BF31EAB4737B}.Release|iPhone.Build.0 = Release|Any CPU
		{45EA429A-99C6-4BE2-B0DD-BF31EAB4737B}.Release|iPhoneSimulator.ActiveCfg = Release|Any CPU
		{45EA429A-99C6-4BE2-B0DD-BF31EAB4737B}.Release|iPhoneSimulator.Build.0 = Release|Any CPU
		{5EE2B66A-8251-499D-B0B7-76A670C68DFD}.Debug|Any CPU.ActiveCfg = Debug|Any CPU
		{5EE2B66A-8251-499D-B0B7-76A670C68DFD}.Debug|Any CPU.Build.0 = Debug|Any CPU
		{5EE2B66A-8251-499D-B0B7-76A670C68DFD}.Debug|iPhone.ActiveCfg = Debug|Any CPU
		{5EE2B66A-8251-499D-B0B7-76A670C68DFD}.Debug|iPhone.Build.0 = Debug|Any CPU
		{5EE2B66A-8251-499D-B0B7-76A670C68DFD}.Debug|iPhoneSimulator.ActiveCfg = Debug|Any CPU
		{5EE2B66A-8251-499D-B0B7-76A670C68DFD}.Debug|iPhoneSimulator.Build.0 = Debug|Any CPU
		{5EE2B66A-8251-499D-B0B7-76A670C68DFD}.Release|Any CPU.ActiveCfg = Release|Any CPU
		{5EE2B66A-8251-499D-B0B7-76A670C68DFD}.Release|Any CPU.Build.0 = Release|Any CPU
		{5EE2B66A-8251-499D-B0B7-76A670C68DFD}.Release|iPhone.ActiveCfg = Release|Any CPU
		{5EE2B66A-8251-499D-B0B7-76A670C68DFD}.Release|iPhone.Build.0 = Release|Any CPU
		{5EE2B66A-8251-499D-B0B7-76A670C68DFD}.Release|iPhoneSimulator.ActiveCfg = Release|Any CPU
		{5EE2B66A-8251-499D-B0B7-76A670C68DFD}.Release|iPhoneSimulator.Build.0 = Release|Any CPU
		{957EF3DE-6B8E-402F-81F8-98B969173E81}.Debug|Any CPU.ActiveCfg = Debug|Any CPU
		{957EF3DE-6B8E-402F-81F8-98B969173E81}.Debug|Any CPU.Build.0 = Debug|Any CPU
		{957EF3DE-6B8E-402F-81F8-98B969173E81}.Debug|iPhone.ActiveCfg = Debug|Any CPU
		{957EF3DE-6B8E-402F-81F8-98B969173E81}.Debug|iPhone.Build.0 = Debug|Any CPU
		{957EF3DE-6B8E-402F-81F8-98B969173E81}.Debug|iPhoneSimulator.ActiveCfg = Debug|Any CPU
		{957EF3DE-6B8E-402F-81F8-98B969173E81}.Debug|iPhoneSimulator.Build.0 = Debug|Any CPU
		{957EF3DE-6B8E-402F-81F8-98B969173E81}.Release|Any CPU.ActiveCfg = Release|Any CPU
		{957EF3DE-6B8E-402F-81F8-98B969173E81}.Release|Any CPU.Build.0 = Release|Any CPU
		{957EF3DE-6B8E-402F-81F8-98B969173E81}.Release|iPhone.ActiveCfg = Release|Any CPU
		{957EF3DE-6B8E-402F-81F8-98B969173E81}.Release|iPhone.Build.0 = Release|Any CPU
		{957EF3DE-6B8E-402F-81F8-98B969173E81}.Release|iPhoneSimulator.ActiveCfg = Release|Any CPU
		{957EF3DE-6B8E-402F-81F8-98B969173E81}.Release|iPhoneSimulator.Build.0 = Release|Any CPU
	EndGlobalSection
EndGlobal
